// !$*UTF8*$!
{
	archiveVersion = 1;
	classes = {
	};
	objectVersion = 46;
	objects = {

/* Begin PBXBuildFile section */
		147BCA111B1D7574008A3404 /* main.m in Sources */ = {isa = PBXBuildFile; fileRef = 147BCA101B1D7574008A3404 /* main.m */; };
		147BCA141B1D7574008A3404 /* AppDelegate.m in Sources */ = {isa = PBXBuildFile; fileRef = 147BCA131B1D7574008A3404 /* AppDelegate.m */; };
		147BCA171B1D7574008A3404 /* FirstViewController.m in Sources */ = {isa = PBXBuildFile; fileRef = 147BCA161B1D7574008A3404 /* FirstViewController.m */; };
		147BCA1A1B1D7574008A3404 /* SecondViewController.m in Sources */ = {isa = PBXBuildFile; fileRef = 147BCA191B1D7574008A3404 /* SecondViewController.m */; };
		147BCA1D1B1D7574008A3404 /* Main.storyboard in Resources */ = {isa = PBXBuildFile; fileRef = 147BCA1B1B1D7574008A3404 /* Main.storyboard */; };
		147BCA1F1B1D7574008A3404 /* Images.xcassets in Resources */ = {isa = PBXBuildFile; fileRef = 147BCA1E1B1D7574008A3404 /* Images.xcassets */; };
		147BCA221B1D7574008A3404 /* LaunchScreen.xib in Resources */ = {isa = PBXBuildFile; fileRef = 147BCA201B1D7574008A3404 /* LaunchScreen.xib */; };
		147BCA2E1B1D7574008A3404 /* CleanBasketDeliverTests.m in Sources */ = {isa = PBXBuildFile; fileRef = 147BCA2D1B1D7574008A3404 /* CleanBasketDeliverTests.m */; };
/* End PBXBuildFile section */

/* Begin PBXContainerItemProxy section */
		147BCA281B1D7574008A3404 /* PBXContainerItemProxy */ = {
			isa = PBXContainerItemProxy;
			containerPortal = 147BCA031B1D7574008A3404 /* Project object */;
			proxyType = 1;
			remoteGlobalIDString = 147BCA0A1B1D7574008A3404;
			remoteInfo = CleanBasketDeliver;
		};
/* End PBXContainerItemProxy section */

/* Begin PBXFileReference section */
		147BCA0B1B1D7574008A3404 /* CleanBasketDeliver.app */ = {isa = PBXFileReference; explicitFileType = wrapper.application; includeInIndex = 0; path = CleanBasketDeliver.app; sourceTree = BUILT_PRODUCTS_DIR; };
		147BCA0F1B1D7574008A3404 /* Info.plist */ = {isa = PBXFileReference; lastKnownFileType = text.plist.xml; path = Info.plist; sourceTree = "<group>"; };
		147BCA101B1D7574008A3404 /* main.m */ = {isa = PBXFileReference; lastKnownFileType = sourcecode.c.objc; path = main.m; sourceTree = "<group>"; };
		147BCA121B1D7574008A3404 /* AppDelegate.h */ = {isa = PBXFileReference; lastKnownFileType = sourcecode.c.h; path = AppDelegate.h; sourceTree = "<group>"; };
		147BCA131B1D7574008A3404 /* AppDelegate.m */ = {isa = PBXFileReference; lastKnownFileType = sourcecode.c.objc; path = AppDelegate.m; sourceTree = "<group>"; };
		147BCA151B1D7574008A3404 /* FirstViewController.h */ = {isa = PBXFileReference; lastKnownFileType = sourcecode.c.h; path = FirstViewController.h; sourceTree = "<group>"; };
		147BCA161B1D7574008A3404 /* FirstViewController.m */ = {isa = PBXFileReference; lastKnownFileType = sourcecode.c.objc; path = FirstViewController.m; sourceTree = "<group>"; };
		147BCA181B1D7574008A3404 /* SecondViewController.h */ = {isa = PBXFileReference; lastKnownFileType = sourcecode.c.h; path = SecondViewController.h; sourceTree = "<group>"; };
		147BCA191B1D7574008A3404 /* SecondViewController.m */ = {isa = PBXFileReference; lastKnownFileType = sourcecode.c.objc; path = SecondViewController.m; sourceTree = "<group>"; };
		147BCA1C1B1D7574008A3404 /* Base */ = {isa = PBXFileReference; lastKnownFileType = file.storyboard; name = Base; path = Base.lproj/Main.storyboard; sourceTree = "<group>"; };
		147BCA1E1B1D7574008A3404 /* Images.xcassets */ = {isa = PBXFileReference; lastKnownFileType = folder.assetcatalog; path = Images.xcassets; sourceTree = "<group>"; };
		147BCA211B1D7574008A3404 /* Base */ = {isa = PBXFileReference; lastKnownFileType = file.xib; name = Base; path = Base.lproj/LaunchScreen.xib; sourceTree = "<group>"; };
		147BCA271B1D7574008A3404 /* CleanBasketDeliverTests.xctest */ = {isa = PBXFileReference; explicitFileType = wrapper.cfbundle; includeInIndex = 0; path = CleanBasketDeliverTests.xctest; sourceTree = BUILT_PRODUCTS_DIR; };
		147BCA2C1B1D7574008A3404 /* Info.plist */ = {isa = PBXFileReference; lastKnownFileType = text.plist.xml; path = Info.plist; sourceTree = "<group>"; };
		147BCA2D1B1D7574008A3404 /* CleanBasketDeliverTests.m */ = {isa = PBXFileReference; lastKnownFileType = sourcecode.c.objc; path = CleanBasketDeliverTests.m; sourceTree = "<group>"; };
/* End PBXFileReference section */

/* Begin PBXFrameworksBuildPhase section */
		147BCA081B1D7574008A3404 /* Frameworks */ = {
			isa = PBXFrameworksBuildPhase;
			buildActionMask = 2147483647;
			files = (
			);
			runOnlyForDeploymentPostprocessing = 0;
		};
		147BCA241B1D7574008A3404 /* Frameworks */ = {
			isa = PBXFrameworksBuildPhase;
			buildActionMask = 2147483647;
			files = (
			);
			runOnlyForDeploymentPostprocessing = 0;
		};
/* End PBXFrameworksBuildPhase section */

/* Begin PBXGroup section */
		147BCA021B1D7574008A3404 = {
			isa = PBXGroup;
			children = (
				147BCA0D1B1D7574008A3404 /* CleanBasketDeliver */,
				147BCA2A1B1D7574008A3404 /* CleanBasketDeliverTests */,
				147BCA0C1B1D7574008A3404 /* Products */,
			);
			sourceTree = "<group>";
		};
		147BCA0C1B1D7574008A3404 /* Products */ = {
			isa = PBXGroup;
			children = (
				147BCA0B1B1D7574008A3404 /* CleanBasketDeliver.app */,
				147BCA271B1D7574008A3404 /* CleanBasketDeliverTests.xctest */,
			);
			name = Products;
			sourceTree = "<group>";
		};
		147BCA0D1B1D7574008A3404 /* CleanBasketDeliver */ = {
			isa = PBXGroup;
			children = (
				147BCA121B1D7574008A3404 /* AppDelegate.h */,
				147BCA131B1D7574008A3404 /* AppDelegate.m */,
				147BCA151B1D7574008A3404 /* FirstViewController.h */,
				147BCA161B1D7574008A3404 /* FirstViewController.m */,
				147BCA181B1D7574008A3404 /* SecondViewController.h */,
				147BCA191B1D7574008A3404 /* SecondViewController.m */,
				147BCA1B1B1D7574008A3404 /* Main.storyboard */,
				147BCA1E1B1D7574008A3404 /* Images.xcassets */,
				147BCA201B1D7574008A3404 /* LaunchScreen.xib */,
				147BCA0E1B1D7574008A3404 /* Supporting Files */,
			);
			path = CleanBasketDeliver;
			sourceTree = "<group>";
		};
		147BCA0E1B1D7574008A3404 /* Supporting Files */ = {
			isa = PBXGroup;
			children = (
				147BCA0F1B1D7574008A3404 /* Info.plist */,
				147BCA101B1D7574008A3404 /* main.m */,
			);
			name = "Supporting Files";
			sourceTree = "<group>";
		};
		147BCA2A1B1D7574008A3404 /* CleanBasketDeliverTests */ = {
			isa = PBXGroup;
			children = (
				147BCA2D1B1D7574008A3404 /* CleanBasketDeliverTests.m */,
				147BCA2B1B1D7574008A3404 /* Supporting Files */,
			);
			path = CleanBasketDeliverTests;
			sourceTree = "<group>";
		};
		147BCA2B1B1D7574008A3404 /* Supporting Files */ = {
			isa = PBXGroup;
			children = (
				147BCA2C1B1D7574008A3404 /* Info.plist */,
			);
			name = "Supporting Files";
			sourceTree = "<group>";
		};
/* End PBXGroup section */

/* Begin PBXNativeTarget section */
		147BCA0A1B1D7574008A3404 /* CleanBasketDeliver */ = {
			isa = PBXNativeTarget;
			buildConfigurationList = 147BCA311B1D7574008A3404 /* Build configuration list for PBXNativeTarget "CleanBasketDeliver" */;
			buildPhases = (
				147BCA071B1D7574008A3404 /* Sources */,
				147BCA081B1D7574008A3404 /* Frameworks */,
				147BCA091B1D7574008A3404 /* Resources */,
			);
			buildRules = (
			);
			dependencies = (
			);
			name = CleanBasketDeliver;
			productName = CleanBasketDeliver;
			productReference = 147BCA0B1B1D7574008A3404 /* CleanBasketDeliver.app */;
			productType = "com.apple.product-type.application";
		};
		147BCA261B1D7574008A3404 /* CleanBasketDeliverTests */ = {
			isa = PBXNativeTarget;
			buildConfigurationList = 147BCA341B1D7574008A3404 /* Build configuration list for PBXNativeTarget "CleanBasketDeliverTests" */;
			buildPhases = (
				147BCA231B1D7574008A3404 /* Sources */,
				147BCA241B1D7574008A3404 /* Frameworks */,
				147BCA251B1D7574008A3404 /* Resources */,
			);
			buildRules = (
			);
			dependencies = (
				147BCA291B1D7574008A3404 /* PBXTargetDependency */,
			);
			name = CleanBasketDeliverTests;
			productName = CleanBasketDeliverTests;
			productReference = 147BCA271B1D7574008A3404 /* CleanBasketDeliverTests.xctest */;
			productType = "com.apple.product-type.bundle.unit-test";
		};
/* End PBXNativeTarget section */

/* Begin PBXProject section */
		147BCA031B1D7574008A3404 /* Project object */ = {
			isa = PBXProject;
			attributes = {
				LastUpgradeCheck = 0610;
				ORGANIZATIONNAME = "강한용";
				TargetAttributes = {
					147BCA0A1B1D7574008A3404 = {
						CreatedOnToolsVersion = 6.1.1;
					};
					147BCA261B1D7574008A3404 = {
						CreatedOnToolsVersion = 6.1.1;
						TestTargetID = 147BCA0A1B1D7574008A3404;
					};
				};
			};
			buildConfigurationList = 147BCA061B1D7574008A3404 /* Build configuration list for PBXProject "CleanBasketDeliver" */;
			compatibilityVersion = "Xcode 3.2";
			developmentRegion = English;
			hasScannedForEncodings = 0;
			knownRegions = (
				en,
				Base,
			);
			mainGroup = 147BCA021B1D7574008A3404;
			productRefGroup = 147BCA0C1B1D7574008A3404 /* Products */;
			projectDirPath = "";
			projectRoot = "";
			targets = (
				147BCA0A1B1D7574008A3404 /* CleanBasketDeliver */,
				147BCA261B1D7574008A3404 /* CleanBasketDeliverTests */,
			);
		};
/* End PBXProject section */

/* Begin PBXResourcesBuildPhase section */
		147BCA091B1D7574008A3404 /* Resources */ = {
			isa = PBXResourcesBuildPhase;
			buildActionMask = 2147483647;
			files = (
				147BCA1D1B1D7574008A3404 /* Main.storyboard in Resources */,
				147BCA221B1D7574008A3404 /* LaunchScreen.xib in Resources */,
				147BCA1F1B1D7574008A3404 /* Images.xcassets in Resources */,
			);
			runOnlyForDeploymentPostprocessing = 0;
		};
		147BCA251B1D7574008A3404 /* Resources */ = {
			isa = PBXResourcesBuildPhase;
			buildActionMask = 2147483647;
			files = (
			);
			runOnlyForDeploymentPostprocessing = 0;
		};
/* End PBXResourcesBuildPhase section */

/* Begin PBXSourcesBuildPhase section */
		147BCA071B1D7574008A3404 /* Sources */ = {
			isa = PBXSourcesBuildPhase;
			buildActionMask = 2147483647;
			files = (
				147BCA1A1B1D7574008A3404 /* SecondViewController.m in Sources */,
				147BCA141B1D7574008A3404 /* AppDelegate.m in Sources */,
				147BCA171B1D7574008A3404 /* FirstViewController.m in Sources */,
				147BCA111B1D7574008A3404 /* main.m in Sources */,
			);
			runOnlyForDeploymentPostprocessing = 0;
		};
		147BCA231B1D7574008A3404 /* Sources */ = {
			isa = PBXSourcesBuildPhase;
			buildActionMask = 2147483647;
			files = (
				147BCA2E1B1D7574008A3404 /* CleanBasketDeliverTests.m in Sources */,
			);
			runOnlyForDeploymentPostprocessing = 0;
		};
/* End PBXSourcesBuildPhase section */

/* Begin PBXTargetDependency section */
		147BCA291B1D7574008A3404 /* PBXTargetDependency */ = {
			isa = PBXTargetDependency;
			target = 147BCA0A1B1D7574008A3404 /* CleanBasketDeliver */;
			targetProxy = 147BCA281B1D7574008A3404 /* PBXContainerItemProxy */;
		};
/* End PBXTargetDependency section */

/* Begin PBXVariantGroup section */
		147BCA1B1B1D7574008A3404 /* Main.storyboard */ = {
			isa = PBXVariantGroup;
			children = (
				147BCA1C1B1D7574008A3404 /* Base */,
			);
			name = Main.storyboard;
			sourceTree = "<group>";
		};
		147BCA201B1D7574008A3404 /* LaunchScreen.xib */ = {
			isa = PBXVariantGroup;
			children = (
				147BCA211B1D7574008A3404 /* Base */,
			);
			name = LaunchScreen.xib;
			sourceTree = "<group>";
		};
/* End PBXVariantGroup section */

/* Begin XCBuildConfiguration section */
		147BCA2F1B1D7574008A3404 /* Debug */ = {
			isa = XCBuildConfiguration;
			buildSettings = {
				ALWAYS_SEARCH_USER_PATHS = NO;
				CLANG_CXX_LANGUAGE_STANDARD = "gnu++0x";
				CLANG_CXX_LIBRARY = "libc++";
				CLANG_ENABLE_MODULES = YES;
				CLANG_ENABLE_OBJC_ARC = YES;
				CLANG_WARN_BOOL_CONVERSION = YES;
				CLANG_WARN_CONSTANT_CONVERSION = YES;
				CLANG_WARN_DIRECT_OBJC_ISA_USAGE = YES_ERROR;
				CLANG_WARN_EMPTY_BODY = YES;
				CLANG_WARN_ENUM_CONVERSION = YES;
				CLANG_WARN_INT_CONVERSION = YES;
				CLANG_WARN_OBJC_ROOT_CLASS = YES_ERROR;
				CLANG_WARN_UNREACHABLE_CODE = YES;
				CLANG_WARN__DUPLICATE_METHOD_MATCH = YES;
				"CODE_SIGN_IDENTITY[sdk=iphoneos*]" = "iPhone Developer";
				COPY_PHASE_STRIP = NO;
				ENABLE_STRICT_OBJC_MSGSEND = YES;
				GCC_C_LANGUAGE_STANDARD = gnu99;
				GCC_DYNAMIC_NO_PIC = NO;
				GCC_OPTIMIZATION_LEVEL = 0;
				GCC_PREPROCESSOR_DEFINITIONS = (
					"DEBUG=1",
					"$(inherited)",
				);
				GCC_SYMBOLS_PRIVATE_EXTERN = NO;
				GCC_WARN_64_TO_32_BIT_CONVERSION = YES;
				GCC_WARN_ABOUT_RETURN_TYPE = YES_ERROR;
				GCC_WARN_UNDECLARED_SELECTOR = YES;
				GCC_WARN_UNINITIALIZED_AUTOS = YES_AGGRESSIVE;
				GCC_WARN_UNUSED_FUNCTION = YES;
				GCC_WARN_UNUSED_VARIABLE = YES;
				IPHONEOS_DEPLOYMENT_TARGET = 8.1;
				MTL_ENABLE_DEBUG_INFO = YES;
				ONLY_ACTIVE_ARCH = YES;
				SDKROOT = iphoneos;
			};
			name = Debug;
		};
		147BCA301B1D7574008A3404 /* Release */ = {
			isa = XCBuildConfiguration;
			buildSettings = {
				ALWAYS_SEARCH_USER_PATHS = NO;
				CLANG_CXX_LANGUAGE_STANDARD = "gnu++0x";
				CLANG_CXX_LIBRARY = "libc++";
				CLANG_ENABLE_MODULES = YES;
				CLANG_ENABLE_OBJC_ARC = YES;
				CLANG_WARN_BOOL_CONVERSION = YES;
				CLANG_WARN_CONSTANT_CONVERSION = YES;
				CLANG_WARN_DIRECT_OBJC_ISA_USAGE = YES_ERROR;
				CLANG_WARN_EMPTY_BODY = YES;
				CLANG_WARN_ENUM_CONVERSION = YES;
				CLANG_WARN_INT_CONVERSION = YES;
				CLANG_WARN_OBJC_ROOT_CLASS = YES_ERROR;
				CLANG_WARN_UNREACHABLE_CODE = YES;
				CLANG_WARN__DUPLICATE_METHOD_MATCH = YES;
				"CODE_SIGN_IDENTITY[sdk=iphoneos*]" = "iPhone Developer";
				COPY_PHASE_STRIP = YES;
				ENABLE_NS_ASSERTIONS = NO;
				ENABLE_STRICT_OBJC_MSGSEND = YES;
				GCC_C_LANGUAGE_STANDARD = gnu99;
				GCC_WARN_64_TO_32_BIT_CONVERSION = YES;
				GCC_WARN_ABOUT_RETURN_TYPE = YES_ERROR;
				GCC_WARN_UNDECLARED_SELECTOR = YES;
				GCC_WARN_UNINITIALIZED_AUTOS = YES_AGGRESSIVE;
				GCC_WARN_UNUSED_FUNCTION = YES;
				GCC_WARN_UNUSED_VARIABLE = YES;
				IPHONEOS_DEPLOYMENT_TARGET = 8.1;
				MTL_ENABLE_DEBUG_INFO = NO;
				SDKROOT = iphoneos;
				VALIDATE_PRODUCT = YES;
			};
			name = Release;
		};
		147BCA321B1D7574008A3404 /* Debug */ = {
			isa = XCBuildConfiguration;
			buildSettings = {
				ASSETCATALOG_COMPILER_APPICON_NAME = AppIcon;
				INFOPLIST_FILE = CleanBasketDeliver/Info.plist;
				LD_RUNPATH_SEARCH_PATHS = "$(inherited) @executable_path/Frameworks";
				PRODUCT_NAME = "$(TARGET_NAME)";
			};
			name = Debug;
		};
		147BCA331B1D7574008A3404 /* Release */ = {
			isa = XCBuildConfiguration;
			buildSettings = {
				ASSETCATALOG_COMPILER_APPICON_NAME = AppIcon;
				INFOPLIST_FILE = CleanBasketDeliver/Info.plist;
				LD_RUNPATH_SEARCH_PATHS = "$(inherited) @executable_path/Frameworks";
				PRODUCT_NAME = "$(TARGET_NAME)";
			};
			name = Release;
		};
		147BCA351B1D7574008A3404 /* Debug */ = {
			isa = XCBuildConfiguration;
			buildSettings = {
				BUNDLE_LOADER = "$(TEST_HOST)";
				FRAMEWORK_SEARCH_PATHS = (
					"$(SDKROOT)/Developer/Library/Frameworks",
					"$(inherited)",
				);
				GCC_PREPROCESSOR_DEFINITIONS = (
					"DEBUG=1",
					"$(inherited)",
				);
				INFOPLIST_FILE = CleanBasketDeliverTests/Info.plist;
				LD_RUNPATH_SEARCH_PATHS = "$(inherited) @executable_path/Frameworks @loader_path/Frameworks";
				PRODUCT_NAME = "$(TARGET_NAME)";
				TEST_HOST = "$(BUILT_PRODUCTS_DIR)/CleanBasketDeliver.app/CleanBasketDeliver";
			};
			name = Debug;
		};
		147BCA361B1D7574008A3404 /* Release */ = {
			isa = XCBuildConfiguration;
			buildSettings = {
				BUNDLE_LOADER = "$(TEST_HOST)";
				FRAMEWORK_SEARCH_PATHS = (
					"$(SDKROOT)/Developer/Library/Frameworks",
					"$(inherited)",
				);
				INFOPLIST_FILE = CleanBasketDeliverTests/Info.plist;
				LD_RUNPATH_SEARCH_PATHS = "$(inherited) @executable_path/Frameworks @loader_path/Frameworks";
				PRODUCT_NAME = "$(TARGET_NAME)";
				TEST_HOST = "$(BUILT_PRODUCTS_DIR)/CleanBasketDeliver.app/CleanBasketDeliver";
			};
			name = Release;
		};
/* End XCBuildConfiguration section */

/* Begin XCConfigurationList section */
		147BCA061B1D7574008A3404 /* Build configuration list for PBXProject "CleanBasketDeliver" */ = {
			isa = XCConfigurationList;
			buildConfigurations = (
				147BCA2F1B1D7574008A3404 /* Debug */,
				147BCA301B1D7574008A3404 /* Release */,
			);
			defaultConfigurationIsVisible = 0;
			defaultConfigurationName = Release;
		};
		147BCA311B1D7574008A3404 /* Build configuration list for PBXNativeTarget "CleanBasketDeliver" */ = {
			isa = XCConfigurationList;
			buildConfigurations = (
				147BCA321B1D7574008A3404 /* Debug */,
				147BCA331B1D7574008A3404 /* Release */,
			);
			defaultConfigurationIsVisible = 0;
		};
		147BCA341B1D7574008A3404 /* Build configuration list for PBXNativeTarget "CleanBasketDeliverTests" */ = {
			isa = XCConfigurationList;
			buildConfigurations = (
				147BCA351B1D7574008A3404 /* Debug */,
				147BCA361B1D7574008A3404 /* Release */,
			);
			defaultConfigurationIsVisible = 0;
		};
/* End XCConfigurationList section */
	};
	rootObject = 147BCA031B1D7574008A3404 /* Project object */;
}
