// !$*UTF8*$!
{
	archiveVersion = 1;
	classes = {
	};
	objectVersion = 47;
	objects = {

/* Begin PBXBuildFile section */
		141647BC1B53D4D000874FA5 /* ThirdViewController.m in Sources */ = {isa = PBXBuildFile; fileRef = 141647BB1B53D4D000874FA5 /* ThirdViewController.m */; };
		141CC95A1B63C01700B9AC4C /* ItemTableViewController.m in Sources */ = {isa = PBXBuildFile; fileRef = 141CC9591B63C01700B9AC4C /* ItemTableViewController.m */; };
		14362AC21B675D7A00D00AF5 /* ItemDataContoller.m in Sources */ = {isa = PBXBuildFile; fileRef = 14362AC11B675D7A00D00AF5 /* ItemDataContoller.m */; };
		14362AC61B67800C00D00AF5 /* ItemCell.m in Sources */ = {isa = PBXBuildFile; fileRef = 14362AC41B67800C00D00AF5 /* ItemCell.m */; };
		143980051B67EB6900076AF8 /* AssignCell.m in Sources */ = {isa = PBXBuildFile; fileRef = 143980031B67EB6900076AF8 /* AssignCell.m */; };
		143980061B67EB6900076AF8 /* AssignCell.xib in Resources */ = {isa = PBXBuildFile; fileRef = 143980041B67EB6900076AF8 /* AssignCell.xib */; };
		144657CF1B492DF80056FCBA /* Localizable.strings in Resources */ = {isa = PBXBuildFile; fileRef = 144657CE1B492DF80056FCBA /* Localizable.strings */; };
		14772BBA1B3E8F7F009B1D3A /* Item.m in Sources */ = {isa = PBXBuildFile; fileRef = 14772BB91B3E8F7F009B1D3A /* Item.m */; };
		14772BBD1B3E8FE4009B1D3A /* Order.m in Sources */ = {isa = PBXBuildFile; fileRef = 14772BBC1B3E8FE4009B1D3A /* Order.m */; };
		14772BC01B3E9034009B1D3A /* Coupon.m in Sources */ = {isa = PBXBuildFile; fileRef = 14772BBF1B3E9034009B1D3A /* Coupon.m */; };
		14772BC31B3E906C009B1D3A /* PickupInfo.m in Sources */ = {isa = PBXBuildFile; fileRef = 14772BC21B3E906C009B1D3A /* PickupInfo.m */; };
		14772CF41B3E9367009B1D3A /* CBConstants.m in Sources */ = {isa = PBXBuildFile; fileRef = 14772CF31B3E9367009B1D3A /* CBConstants.m */; };
		147BCA111B1D7574008A3404 /* main.m in Sources */ = {isa = PBXBuildFile; fileRef = 147BCA101B1D7574008A3404 /* main.m */; };
		147BCA141B1D7574008A3404 /* AppDelegate.m in Sources */ = {isa = PBXBuildFile; fileRef = 147BCA131B1D7574008A3404 /* AppDelegate.m */; };
		147BCA171B1D7574008A3404 /* FirstViewController.m in Sources */ = {isa = PBXBuildFile; fileRef = 147BCA161B1D7574008A3404 /* FirstViewController.m */; };
		147BCA1A1B1D7574008A3404 /* SecondViewController.m in Sources */ = {isa = PBXBuildFile; fileRef = 147BCA191B1D7574008A3404 /* SecondViewController.m */; };
		147BCA1D1B1D7574008A3404 /* Main.storyboard in Resources */ = {isa = PBXBuildFile; fileRef = 147BCA1B1B1D7574008A3404 /* Main.storyboard */; };
		147BCA1F1B1D7574008A3404 /* Images.xcassets in Resources */ = {isa = PBXBuildFile; fileRef = 147BCA1E1B1D7574008A3404 /* Images.xcassets */; };
		147BCA221B1D7574008A3404 /* LaunchScreen.xib in Resources */ = {isa = PBXBuildFile; fileRef = 147BCA201B1D7574008A3404 /* LaunchScreen.xib */; };
		147BCA2E1B1D7574008A3404 /* CleanBasketDeliverTests.m in Sources */ = {isa = PBXBuildFile; fileRef = 147BCA2D1B1D7574008A3404 /* CleanBasketDeliverTests.m */; };
		147BCA441B1D7906008A3404 /* Icon-72.png in Resources */ = {isa = PBXBuildFile; fileRef = 147BCA381B1D7906008A3404 /* Icon-72.png */; };
		147BCA451B1D7906008A3404 /* Icon-72@2x.png in Resources */ = {isa = PBXBuildFile; fileRef = 147BCA391B1D7906008A3404 /* Icon-72@2x.png */; };
		147BCA461B1D7906008A3404 /* Icon-Small-20.png in Resources */ = {isa = PBXBuildFile; fileRef = 147BCA3A1B1D7906008A3404 /* Icon-Small-20.png */; };
		147BCA471B1D7907008A3404 /* Icon-Small-20@2x.png in Resources */ = {isa = PBXBuildFile; fileRef = 147BCA3B1B1D7906008A3404 /* Icon-Small-20@2x.png */; };
		147BCA481B1D7907008A3404 /* Icon-Small-30.png in Resources */ = {isa = PBXBuildFile; fileRef = 147BCA3C1B1D7906008A3404 /* Icon-Small-30.png */; };
		147BCA491B1D7907008A3404 /* Icon-Small-30@2x.png in Resources */ = {isa = PBXBuildFile; fileRef = 147BCA3D1B1D7906008A3404 /* Icon-Small-30@2x.png */; };
		147BCA4A1B1D7907008A3404 /* Icon-Small-50.png in Resources */ = {isa = PBXBuildFile; fileRef = 147BCA3E1B1D7906008A3404 /* Icon-Small-50.png */; };
		147BCA4B1B1D7907008A3404 /* Icon-Small-50@2x.png in Resources */ = {isa = PBXBuildFile; fileRef = 147BCA3F1B1D7906008A3404 /* Icon-Small-50@2x.png */; };
		147BCA4C1B1D7907008A3404 /* Icon-Small.png in Resources */ = {isa = PBXBuildFile; fileRef = 147BCA401B1D7906008A3404 /* Icon-Small.png */; };
		147BCA4D1B1D7907008A3404 /* Icon-Small@2x.png in Resources */ = {isa = PBXBuildFile; fileRef = 147BCA411B1D7906008A3404 /* Icon-Small@2x.png */; };
		147BCA4E1B1D7907008A3404 /* Icon.png in Resources */ = {isa = PBXBuildFile; fileRef = 147BCA421B1D7906008A3404 /* Icon.png */; };
		147BCA4F1B1D7907008A3404 /* Icon@2x.png in Resources */ = {isa = PBXBuildFile; fileRef = 147BCA431B1D7906008A3404 /* Icon@2x.png */; };
		147BCADB1B1D9ABA008A3404 /* LoginViewController.m in Sources */ = {isa = PBXBuildFile; fileRef = 147BCADA1B1D9ABA008A3404 /* LoginViewController.m */; };
		147BCAEA1B1DE519008A3404 /* Address.plist in Resources */ = {isa = PBXBuildFile; fileRef = 147BCAE91B1DE519008A3404 /* Address.plist */; };
		147BCAF21B2092AA008A3404 /* ExpandingCell.xib in Resources */ = {isa = PBXBuildFile; fileRef = 147BCAF11B2092AA008A3404 /* ExpandingCell.xib */; };
		147BCAF81B209481008A3404 /* ExpandingCell.m in Sources */ = {isa = PBXBuildFile; fileRef = 147BCAF71B209481008A3404 /* ExpandingCell.m */; };
		14EB9BB51B5909B700E5B9C2 /* OrderCell.m in Sources */ = {isa = PBXBuildFile; fileRef = 14EB9BB31B5909B700E5B9C2 /* OrderCell.m */; };
		14EB9BB61B5909B700E5B9C2 /* OrderCell.xib in Resources */ = {isa = PBXBuildFile; fileRef = 14EB9BB41B5909B700E5B9C2 /* OrderCell.xib */; };
		14EB9BB91B592B8C00E5B9C2 /* OrderViewController.m in Sources */ = {isa = PBXBuildFile; fileRef = 14EB9BB81B592B8C00E5B9C2 /* OrderViewController.m */; };
		14EB9BBC1B594CD500E5B9C2 /* DropoffInfo.m in Sources */ = {isa = PBXBuildFile; fileRef = 14EB9BBB1B594CD500E5B9C2 /* DropoffInfo.m */; };
		14EEA9191B56657400EA0A9C /* RegisterViewController.m in Sources */ = {isa = PBXBuildFile; fileRef = 14EEA9181B56657400EA0A9C /* RegisterViewController.m */; };
		14F6A8011B4FF44100380D8A /* Keychain.m in Sources */ = {isa = PBXBuildFile; fileRef = 14F6A8001B4FF44100380D8A /* Keychain.m */; };
		14F78D391B5D1CB8004E6330 /* ModifyDateTimeViewController.m in Sources */ = {isa = PBXBuildFile; fileRef = 14F78D381B5D1CB8004E6330 /* ModifyDateTimeViewController.m */; };
		E3CC3DF5EC2BB92D1C7248F4 /* libPods-CleanBasketDeliver.a in Frameworks */ = {isa = PBXBuildFile; fileRef = 6373EA0EC9B1CE4CC341374D /* libPods-CleanBasketDeliver.a */; };
/* End PBXBuildFile section */

/* Begin PBXContainerItemProxy section */
		147BCA281B1D7574008A3404 /* PBXContainerItemProxy */ = {
			isa = PBXContainerItemProxy;
			containerPortal = 147BCA031B1D7574008A3404 /* Project object */;
			proxyType = 1;
			remoteGlobalIDString = 147BCA0A1B1D7574008A3404;
			remoteInfo = CleanBasketDeliver;
		};
/* End PBXContainerItemProxy section */

/* Begin PBXFileReference section */
		04C2F360EADCA9EF3422FDB2 /* Pods-CleanBasketDeliver.release.xcconfig */ = {isa = PBXFileReference; includeInIndex = 1; lastKnownFileType = text.xcconfig; name = "Pods-CleanBasketDeliver.release.xcconfig"; path = "Pods/Target Support Files/Pods-CleanBasketDeliver/Pods-CleanBasketDeliver.release.xcconfig"; sourceTree = "<group>"; };
		141647BA1B53D4D000874FA5 /* ThirdViewController.h */ = {isa = PBXFileReference; fileEncoding = 4; lastKnownFileType = sourcecode.c.h; path = ThirdViewController.h; sourceTree = "<group>"; };
		141647BB1B53D4D000874FA5 /* ThirdViewController.m */ = {isa = PBXFileReference; fileEncoding = 4; lastKnownFileType = sourcecode.c.objc; path = ThirdViewController.m; sourceTree = "<group>"; };
		141CC9581B63C01700B9AC4C /* ItemTableViewController.h */ = {isa = PBXFileReference; fileEncoding = 4; lastKnownFileType = sourcecode.c.h; name = ItemTableViewController.h; path = ../ItemTableViewController.h; sourceTree = "<group>"; };
		141CC9591B63C01700B9AC4C /* ItemTableViewController.m */ = {isa = PBXFileReference; fileEncoding = 4; lastKnownFileType = sourcecode.c.objc; name = ItemTableViewController.m; path = ../ItemTableViewController.m; sourceTree = "<group>"; };
		14362AC01B675D7A00D00AF5 /* ItemDataContoller.h */ = {isa = PBXFileReference; fileEncoding = 4; lastKnownFileType = sourcecode.c.h; path = ItemDataContoller.h; sourceTree = "<group>"; };
		14362AC11B675D7A00D00AF5 /* ItemDataContoller.m */ = {isa = PBXFileReference; fileEncoding = 4; lastKnownFileType = sourcecode.c.objc; path = ItemDataContoller.m; sourceTree = "<group>"; };
		14362AC31B67800C00D00AF5 /* ItemCell.h */ = {isa = PBXFileReference; fileEncoding = 4; lastKnownFileType = sourcecode.c.h; path = ItemCell.h; sourceTree = "<group>"; };
		14362AC41B67800C00D00AF5 /* ItemCell.m */ = {isa = PBXFileReference; fileEncoding = 4; lastKnownFileType = sourcecode.c.objc; path = ItemCell.m; sourceTree = "<group>"; };
		143980021B67EB6900076AF8 /* AssignCell.h */ = {isa = PBXFileReference; fileEncoding = 4; lastKnownFileType = sourcecode.c.h; path = AssignCell.h; sourceTree = "<group>"; };
		143980031B67EB6900076AF8 /* AssignCell.m */ = {isa = PBXFileReference; fileEncoding = 4; lastKnownFileType = sourcecode.c.objc; path = AssignCell.m; sourceTree = "<group>"; };
		143980041B67EB6900076AF8 /* AssignCell.xib */ = {isa = PBXFileReference; fileEncoding = 4; lastKnownFileType = file.xib; path = AssignCell.xib; sourceTree = "<group>"; };
		144657CE1B492DF80056FCBA /* Localizable.strings */ = {isa = PBXFileReference; fileEncoding = 4; lastKnownFileType = text.plist.strings; path = Localizable.strings; sourceTree = "<group>"; };
		14772BB81B3E8F7F009B1D3A /* Item.h */ = {isa = PBXFileReference; fileEncoding = 4; lastKnownFileType = sourcecode.c.h; path = Item.h; sourceTree = "<group>"; };
		14772BB91B3E8F7F009B1D3A /* Item.m */ = {isa = PBXFileReference; fileEncoding = 4; lastKnownFileType = sourcecode.c.objc; path = Item.m; sourceTree = "<group>"; };
		14772BBB1B3E8FE4009B1D3A /* Order.h */ = {isa = PBXFileReference; fileEncoding = 4; lastKnownFileType = sourcecode.c.h; path = Order.h; sourceTree = "<group>"; };
		14772BBC1B3E8FE4009B1D3A /* Order.m */ = {isa = PBXFileReference; fileEncoding = 4; lastKnownFileType = sourcecode.c.objc; path = Order.m; sourceTree = "<group>"; };
		14772BBE1B3E9034009B1D3A /* Coupon.h */ = {isa = PBXFileReference; fileEncoding = 4; lastKnownFileType = sourcecode.c.h; path = Coupon.h; sourceTree = "<group>"; };
		14772BBF1B3E9034009B1D3A /* Coupon.m */ = {isa = PBXFileReference; fileEncoding = 4; lastKnownFileType = sourcecode.c.objc; path = Coupon.m; sourceTree = "<group>"; };
		14772BC11B3E906C009B1D3A /* PickupInfo.h */ = {isa = PBXFileReference; fileEncoding = 4; lastKnownFileType = sourcecode.c.h; path = PickupInfo.h; sourceTree = "<group>"; };
		14772BC21B3E906C009B1D3A /* PickupInfo.m */ = {isa = PBXFileReference; fileEncoding = 4; lastKnownFileType = sourcecode.c.objc; path = PickupInfo.m; sourceTree = "<group>"; };
		14772CF21B3E9367009B1D3A /* CBConstants.h */ = {isa = PBXFileReference; fileEncoding = 4; lastKnownFileType = sourcecode.c.h; path = CBConstants.h; sourceTree = "<group>"; };
		14772CF31B3E9367009B1D3A /* CBConstants.m */ = {isa = PBXFileReference; fileEncoding = 4; lastKnownFileType = sourcecode.c.objc; path = CBConstants.m; sourceTree = "<group>"; };
		147BCA0B1B1D7574008A3404 /* CleanBasketDeliver.app */ = {isa = PBXFileReference; explicitFileType = wrapper.application; includeInIndex = 0; path = CleanBasketDeliver.app; sourceTree = BUILT_PRODUCTS_DIR; };
		147BCA0F1B1D7574008A3404 /* Info.plist */ = {isa = PBXFileReference; lastKnownFileType = text.plist.xml; path = Info.plist; sourceTree = "<group>"; };
		147BCA101B1D7574008A3404 /* main.m */ = {isa = PBXFileReference; lastKnownFileType = sourcecode.c.objc; path = main.m; sourceTree = "<group>"; };
		147BCA121B1D7574008A3404 /* AppDelegate.h */ = {isa = PBXFileReference; lastKnownFileType = sourcecode.c.h; path = AppDelegate.h; sourceTree = "<group>"; };
		147BCA131B1D7574008A3404 /* AppDelegate.m */ = {isa = PBXFileReference; lastKnownFileType = sourcecode.c.objc; path = AppDelegate.m; sourceTree = "<group>"; };
		147BCA151B1D7574008A3404 /* FirstViewController.h */ = {isa = PBXFileReference; lastKnownFileType = sourcecode.c.h; path = FirstViewController.h; sourceTree = "<group>"; };
		147BCA161B1D7574008A3404 /* FirstViewController.m */ = {isa = PBXFileReference; lastKnownFileType = sourcecode.c.objc; path = FirstViewController.m; sourceTree = "<group>"; };
		147BCA181B1D7574008A3404 /* SecondViewController.h */ = {isa = PBXFileReference; lastKnownFileType = sourcecode.c.h; path = SecondViewController.h; sourceTree = "<group>"; };
		147BCA191B1D7574008A3404 /* SecondViewController.m */ = {isa = PBXFileReference; lastKnownFileType = sourcecode.c.objc; path = SecondViewController.m; sourceTree = "<group>"; };
		147BCA1C1B1D7574008A3404 /* Base */ = {isa = PBXFileReference; lastKnownFileType = file.storyboard; name = Base; path = Base.lproj/Main.storyboard; sourceTree = "<group>"; };
		147BCA1E1B1D7574008A3404 /* Images.xcassets */ = {isa = PBXFileReference; lastKnownFileType = folder.assetcatalog; path = Images.xcassets; sourceTree = "<group>"; };
		147BCA211B1D7574008A3404 /* Base */ = {isa = PBXFileReference; lastKnownFileType = file.xib; name = Base; path = Base.lproj/LaunchScreen.xib; sourceTree = "<group>"; };
		147BCA271B1D7574008A3404 /* CleanBasketDeliverTests.xctest */ = {isa = PBXFileReference; explicitFileType = wrapper.cfbundle; includeInIndex = 0; path = CleanBasketDeliverTests.xctest; sourceTree = BUILT_PRODUCTS_DIR; };
		147BCA2C1B1D7574008A3404 /* Info.plist */ = {isa = PBXFileReference; lastKnownFileType = text.plist.xml; path = Info.plist; sourceTree = "<group>"; };
		147BCA2D1B1D7574008A3404 /* CleanBasketDeliverTests.m */ = {isa = PBXFileReference; lastKnownFileType = sourcecode.c.objc; path = CleanBasketDeliverTests.m; sourceTree = "<group>"; };
		147BCA381B1D7906008A3404 /* Icon-72.png */ = {isa = PBXFileReference; lastKnownFileType = image.png; path = "Icon-72.png"; sourceTree = "<group>"; };
		147BCA391B1D7906008A3404 /* Icon-72@2x.png */ = {isa = PBXFileReference; lastKnownFileType = image.png; path = "Icon-72@2x.png"; sourceTree = "<group>"; };
		147BCA3A1B1D7906008A3404 /* Icon-Small-20.png */ = {isa = PBXFileReference; lastKnownFileType = image.png; path = "Icon-Small-20.png"; sourceTree = "<group>"; };
		147BCA3B1B1D7906008A3404 /* Icon-Small-20@2x.png */ = {isa = PBXFileReference; lastKnownFileType = image.png; path = "Icon-Small-20@2x.png"; sourceTree = "<group>"; };
		147BCA3C1B1D7906008A3404 /* Icon-Small-30.png */ = {isa = PBXFileReference; lastKnownFileType = image.png; path = "Icon-Small-30.png"; sourceTree = "<group>"; };
		147BCA3D1B1D7906008A3404 /* Icon-Small-30@2x.png */ = {isa = PBXFileReference; lastKnownFileType = image.png; path = "Icon-Small-30@2x.png"; sourceTree = "<group>"; };
		147BCA3E1B1D7906008A3404 /* Icon-Small-50.png */ = {isa = PBXFileReference; lastKnownFileType = image.png; path = "Icon-Small-50.png"; sourceTree = "<group>"; };
		147BCA3F1B1D7906008A3404 /* Icon-Small-50@2x.png */ = {isa = PBXFileReference; lastKnownFileType = image.png; path = "Icon-Small-50@2x.png"; sourceTree = "<group>"; };
		147BCA401B1D7906008A3404 /* Icon-Small.png */ = {isa = PBXFileReference; lastKnownFileType = image.png; path = "Icon-Small.png"; sourceTree = "<group>"; };
		147BCA411B1D7906008A3404 /* Icon-Small@2x.png */ = {isa = PBXFileReference; lastKnownFileType = image.png; path = "Icon-Small@2x.png"; sourceTree = "<group>"; };
		147BCA421B1D7906008A3404 /* Icon.png */ = {isa = PBXFileReference; lastKnownFileType = image.png; path = Icon.png; sourceTree = "<group>"; };
		147BCA431B1D7906008A3404 /* Icon@2x.png */ = {isa = PBXFileReference; lastKnownFileType = image.png; path = "Icon@2x.png"; sourceTree = "<group>"; };
		147BCAD91B1D9ABA008A3404 /* LoginViewController.h */ = {isa = PBXFileReference; fileEncoding = 4; lastKnownFileType = sourcecode.c.h; name = LoginViewController.h; path = ../LoginViewController.h; sourceTree = "<group>"; };
		147BCADA1B1D9ABA008A3404 /* LoginViewController.m */ = {isa = PBXFileReference; fileEncoding = 4; lastKnownFileType = sourcecode.c.objc; name = LoginViewController.m; path = ../LoginViewController.m; sourceTree = "<group>"; };
		147BCAE91B1DE519008A3404 /* Address.plist */ = {isa = PBXFileReference; fileEncoding = 4; lastKnownFileType = text.plist.xml; path = Address.plist; sourceTree = "<group>"; };
		147BCAF11B2092AA008A3404 /* ExpandingCell.xib */ = {isa = PBXFileReference; fileEncoding = 4; lastKnownFileType = file.xib; path = ExpandingCell.xib; sourceTree = "<group>"; };
		147BCAF61B209481008A3404 /* ExpandingCell.h */ = {isa = PBXFileReference; fileEncoding = 4; lastKnownFileType = sourcecode.c.h; path = ExpandingCell.h; sourceTree = "<group>"; };
		147BCAF71B209481008A3404 /* ExpandingCell.m */ = {isa = PBXFileReference; fileEncoding = 4; lastKnownFileType = sourcecode.c.objc; path = ExpandingCell.m; sourceTree = "<group>"; };
		14EB9BB21B5909B700E5B9C2 /* OrderCell.h */ = {isa = PBXFileReference; fileEncoding = 4; lastKnownFileType = sourcecode.c.h; path = OrderCell.h; sourceTree = "<group>"; };
		14EB9BB31B5909B700E5B9C2 /* OrderCell.m */ = {isa = PBXFileReference; fileEncoding = 4; lastKnownFileType = sourcecode.c.objc; path = OrderCell.m; sourceTree = "<group>"; };
		14EB9BB41B5909B700E5B9C2 /* OrderCell.xib */ = {isa = PBXFileReference; fileEncoding = 4; lastKnownFileType = file.xib; path = OrderCell.xib; sourceTree = "<group>"; };
		14EB9BB71B592B8C00E5B9C2 /* OrderViewController.h */ = {isa = PBXFileReference; fileEncoding = 4; lastKnownFileType = sourcecode.c.h; path = OrderViewController.h; sourceTree = "<group>"; };
		14EB9BB81B592B8C00E5B9C2 /* OrderViewController.m */ = {isa = PBXFileReference; fileEncoding = 4; lastKnownFileType = sourcecode.c.objc; path = OrderViewController.m; sourceTree = "<group>"; };
		14EB9BBA1B594CD500E5B9C2 /* DropoffInfo.h */ = {isa = PBXFileReference; fileEncoding = 4; lastKnownFileType = sourcecode.c.h; path = DropoffInfo.h; sourceTree = "<group>"; };
		14EB9BBB1B594CD500E5B9C2 /* DropoffInfo.m */ = {isa = PBXFileReference; fileEncoding = 4; lastKnownFileType = sourcecode.c.objc; path = DropoffInfo.m; sourceTree = "<group>"; };
		14EEA9151B56596300EA0A9C /* Icon-60@2x.png */ = {isa = PBXFileReference; lastKnownFileType = image.png; name = "Icon-60@2x.png"; path = "../../../../Downloads/icon/ios/AppIcon.appiconset/Icon-60@2x.png"; sourceTree = "<group>"; };
		14EEA9171B56657400EA0A9C /* RegisterViewController.h */ = {isa = PBXFileReference; fileEncoding = 4; lastKnownFileType = sourcecode.c.h; path = RegisterViewController.h; sourceTree = "<group>"; };
		14EEA9181B56657400EA0A9C /* RegisterViewController.m */ = {isa = PBXFileReference; fileEncoding = 4; lastKnownFileType = sourcecode.c.objc; path = RegisterViewController.m; sourceTree = "<group>"; };
		14F6A7FF1B4FF44100380D8A /* Keychain.h */ = {isa = PBXFileReference; fileEncoding = 4; lastKnownFileType = sourcecode.c.h; path = Keychain.h; sourceTree = "<group>"; };
		14F6A8001B4FF44100380D8A /* Keychain.m */ = {isa = PBXFileReference; fileEncoding = 4; lastKnownFileType = sourcecode.c.objc; path = Keychain.m; sourceTree = "<group>"; };
		14F78D371B5D1CB8004E6330 /* ModifyDateTimeViewController.h */ = {isa = PBXFileReference; fileEncoding = 4; lastKnownFileType = sourcecode.c.h; path = ModifyDateTimeViewController.h; sourceTree = "<group>"; };
		14F78D381B5D1CB8004E6330 /* ModifyDateTimeViewController.m */ = {isa = PBXFileReference; fileEncoding = 4; lastKnownFileType = sourcecode.c.objc; path = ModifyDateTimeViewController.m; sourceTree = "<group>"; };
		6373EA0EC9B1CE4CC341374D /* libPods-CleanBasketDeliver.a */ = {isa = PBXFileReference; explicitFileType = archive.ar; includeInIndex = 0; path = "libPods-CleanBasketDeliver.a"; sourceTree = BUILT_PRODUCTS_DIR; };
		AA0F058DB294EF5F39870B33 /* Pods-CleanBasketDeliver.debug.xcconfig */ = {isa = PBXFileReference; includeInIndex = 1; lastKnownFileType = text.xcconfig; name = "Pods-CleanBasketDeliver.debug.xcconfig"; path = "Pods/Target Support Files/Pods-CleanBasketDeliver/Pods-CleanBasketDeliver.debug.xcconfig"; sourceTree = "<group>"; };
/* End PBXFileReference section */

/* Begin PBXFrameworksBuildPhase section */
		147BCA081B1D7574008A3404 /* Frameworks */ = {
			isa = PBXFrameworksBuildPhase;
			buildActionMask = 2147483647;
			files = (
				E3CC3DF5EC2BB92D1C7248F4 /* libPods-CleanBasketDeliver.a in Frameworks */,
			);
			runOnlyForDeploymentPostprocessing = 0;
		};
		147BCA241B1D7574008A3404 /* Frameworks */ = {
			isa = PBXFrameworksBuildPhase;
			buildActionMask = 2147483647;
			files = (
			);
			runOnlyForDeploymentPostprocessing = 0;
		};
/* End PBXFrameworksBuildPhase section */

/* Begin PBXGroup section */
		14362ABF1B675D5600D00AF5 /* Controllers */ = {
			isa = PBXGroup;
			children = (
				14362AC01B675D7A00D00AF5 /* ItemDataContoller.h */,
				14362AC11B675D7A00D00AF5 /* ItemDataContoller.m */,
			);
			name = Controllers;
			sourceTree = "<group>";
		};
		147BCA021B1D7574008A3404 = {
			isa = PBXGroup;
			children = (
				147BCA0D1B1D7574008A3404 /* CleanBasketDeliver */,
				147BCA2A1B1D7574008A3404 /* CleanBasketDeliverTests */,
				147BCA0C1B1D7574008A3404 /* Products */,
				F486D022F56AB6A4BE1CA0FA /* Pods */,
				DC13035C798581FD9D067C37 /* Frameworks */,
			);
			sourceTree = "<group>";
		};
		147BCA0C1B1D7574008A3404 /* Products */ = {
			isa = PBXGroup;
			children = (
				147BCA0B1B1D7574008A3404 /* CleanBasketDeliver.app */,
				147BCA271B1D7574008A3404 /* CleanBasketDeliverTests.xctest */,
			);
			name = Products;
			sourceTree = "<group>";
		};
		147BCA0D1B1D7574008A3404 /* CleanBasketDeliver */ = {
			isa = PBXGroup;
			children = (
				14362ABF1B675D5600D00AF5 /* Controllers */,
				147BCAEE1B208F81008A3404 /* Cell */,
				147BCADD1B1DD95D008A3404 /* Utils */,
				147BCADC1B1DBE81008A3404 /* Models */,
				147BCA121B1D7574008A3404 /* AppDelegate.h */,
				147BCA131B1D7574008A3404 /* AppDelegate.m */,
				147BCAD91B1D9ABA008A3404 /* LoginViewController.h */,
				147BCADA1B1D9ABA008A3404 /* LoginViewController.m */,
				147BCA151B1D7574008A3404 /* FirstViewController.h */,
				147BCA161B1D7574008A3404 /* FirstViewController.m */,
				14EB9BB71B592B8C00E5B9C2 /* OrderViewController.h */,
				14EB9BB81B592B8C00E5B9C2 /* OrderViewController.m */,
				147BCA181B1D7574008A3404 /* SecondViewController.h */,
				147BCA191B1D7574008A3404 /* SecondViewController.m */,
				141647BA1B53D4D000874FA5 /* ThirdViewController.h */,
				141647BB1B53D4D000874FA5 /* ThirdViewController.m */,
				14EEA9171B56657400EA0A9C /* RegisterViewController.h */,
				14EEA9181B56657400EA0A9C /* RegisterViewController.m */,
				14F78D371B5D1CB8004E6330 /* ModifyDateTimeViewController.h */,
				14F78D381B5D1CB8004E6330 /* ModifyDateTimeViewController.m */,
				141CC9581B63C01700B9AC4C /* ItemTableViewController.h */,
				141CC9591B63C01700B9AC4C /* ItemTableViewController.m */,
				147BCA1B1B1D7574008A3404 /* Main.storyboard */,
				147BCA1E1B1D7574008A3404 /* Images.xcassets */,
				147BCA201B1D7574008A3404 /* LaunchScreen.xib */,
				147BCA0E1B1D7574008A3404 /* Supporting Files */,
			);
			path = CleanBasketDeliver;
			sourceTree = "<group>";
		};
		147BCA0E1B1D7574008A3404 /* Supporting Files */ = {
			isa = PBXGroup;
			children = (
				147BCA371B1D78E7008A3404 /* Icons */,
				147BCA0F1B1D7574008A3404 /* Info.plist */,
				147BCA101B1D7574008A3404 /* main.m */,
				147BCAE91B1DE519008A3404 /* Address.plist */,
				144657CE1B492DF80056FCBA /* Localizable.strings */,
			);
			name = "Supporting Files";
			sourceTree = "<group>";
		};
		147BCA2A1B1D7574008A3404 /* CleanBasketDeliverTests */ = {
			isa = PBXGroup;
			children = (
				147BCA2D1B1D7574008A3404 /* CleanBasketDeliverTests.m */,
				147BCA2B1B1D7574008A3404 /* Supporting Files */,
			);
			path = CleanBasketDeliverTests;
			sourceTree = "<group>";
		};
		147BCA2B1B1D7574008A3404 /* Supporting Files */ = {
			isa = PBXGroup;
			children = (
				147BCA2C1B1D7574008A3404 /* Info.plist */,
			);
			name = "Supporting Files";
			sourceTree = "<group>";
		};
		147BCA371B1D78E7008A3404 /* Icons */ = {
			isa = PBXGroup;
			children = (
				14EEA9151B56596300EA0A9C /* Icon-60@2x.png */,
				147BCA381B1D7906008A3404 /* Icon-72.png */,
				147BCA391B1D7906008A3404 /* Icon-72@2x.png */,
				147BCA3A1B1D7906008A3404 /* Icon-Small-20.png */,
				147BCA3B1B1D7906008A3404 /* Icon-Small-20@2x.png */,
				147BCA3C1B1D7906008A3404 /* Icon-Small-30.png */,
				147BCA3D1B1D7906008A3404 /* Icon-Small-30@2x.png */,
				147BCA3E1B1D7906008A3404 /* Icon-Small-50.png */,
				147BCA3F1B1D7906008A3404 /* Icon-Small-50@2x.png */,
				147BCA401B1D7906008A3404 /* Icon-Small.png */,
				147BCA411B1D7906008A3404 /* Icon-Small@2x.png */,
				147BCA421B1D7906008A3404 /* Icon.png */,
				147BCA431B1D7906008A3404 /* Icon@2x.png */,
			);
			name = Icons;
			sourceTree = "<group>";
		};
		147BCADC1B1DBE81008A3404 /* Models */ = {
			isa = PBXGroup;
			children = (
				14772BB81B3E8F7F009B1D3A /* Item.h */,
				14772BB91B3E8F7F009B1D3A /* Item.m */,
				14772BBB1B3E8FE4009B1D3A /* Order.h */,
				14772BBC1B3E8FE4009B1D3A /* Order.m */,
				14772BBE1B3E9034009B1D3A /* Coupon.h */,
				14772BBF1B3E9034009B1D3A /* Coupon.m */,
				14772BC11B3E906C009B1D3A /* PickupInfo.h */,
				14772BC21B3E906C009B1D3A /* PickupInfo.m */,
				14EB9BBA1B594CD500E5B9C2 /* DropoffInfo.h */,
				14EB9BBB1B594CD500E5B9C2 /* DropoffInfo.m */,
			);
			name = Models;
			sourceTree = "<group>";
		};
		147BCADD1B1DD95D008A3404 /* Utils */ = {
			isa = PBXGroup;
			children = (
				14772CF21B3E9367009B1D3A /* CBConstants.h */,
				14772CF31B3E9367009B1D3A /* CBConstants.m */,
				14F6A7FF1B4FF44100380D8A /* Keychain.h */,
				14F6A8001B4FF44100380D8A /* Keychain.m */,
			);
			name = Utils;
			sourceTree = "<group>";
		};
		147BCAEE1B208F81008A3404 /* Cell */ = {
			isa = PBXGroup;
			children = (
				147BCAF61B209481008A3404 /* ExpandingCell.h */,
				147BCAF71B209481008A3404 /* ExpandingCell.m */,
				147BCAF11B2092AA008A3404 /* ExpandingCell.xib */,
				143980021B67EB6900076AF8 /* AssignCell.h */,
				143980031B67EB6900076AF8 /* AssignCell.m */,
				143980041B67EB6900076AF8 /* AssignCell.xib */,
				14EB9BB21B5909B700E5B9C2 /* OrderCell.h */,
				14EB9BB31B5909B700E5B9C2 /* OrderCell.m */,
				14EB9BB41B5909B700E5B9C2 /* OrderCell.xib */,
				14362AC31B67800C00D00AF5 /* ItemCell.h */,
				14362AC41B67800C00D00AF5 /* ItemCell.m */,
			);
			name = Cell;
			sourceTree = "<group>";
		};
		DC13035C798581FD9D067C37 /* Frameworks */ = {
			isa = PBXGroup;
			children = (
				6373EA0EC9B1CE4CC341374D /* libPods-CleanBasketDeliver.a */,
			);
			name = Frameworks;
			sourceTree = "<group>";
		};
		F486D022F56AB6A4BE1CA0FA /* Pods */ = {
			isa = PBXGroup;
			children = (
				AA0F058DB294EF5F39870B33 /* Pods-CleanBasketDeliver.debug.xcconfig */,
				04C2F360EADCA9EF3422FDB2 /* Pods-CleanBasketDeliver.release.xcconfig */,
			);
			name = Pods;
			sourceTree = "<group>";
		};
/* End PBXGroup section */

/* Begin PBXNativeTarget section */
		147BCA0A1B1D7574008A3404 /* CleanBasketDeliver */ = {
			isa = PBXNativeTarget;
			buildConfigurationList = 147BCA311B1D7574008A3404 /* Build configuration list for PBXNativeTarget "CleanBasketDeliver" */;
			buildPhases = (
				E4503993D697D6679535145B /* [CP] Check Pods Manifest.lock */,
				147BCA071B1D7574008A3404 /* Sources */,
				147BCA081B1D7574008A3404 /* Frameworks */,
				147BCA091B1D7574008A3404 /* Resources */,
				559E2CC7CF490208744DE841 /* [CP] Embed Pods Frameworks */,
				11212550CC259B998820DE3B /* [CP] Copy Pods Resources */,
			);
			buildRules = (
			);
			dependencies = (
			);
			name = CleanBasketDeliver;
			productName = CleanBasketDeliver;
			productReference = 147BCA0B1B1D7574008A3404 /* CleanBasketDeliver.app */;
			productType = "com.apple.product-type.application";
		};
		147BCA261B1D7574008A3404 /* CleanBasketDeliverTests */ = {
			isa = PBXNativeTarget;
			buildConfigurationList = 147BCA341B1D7574008A3404 /* Build configuration list for PBXNativeTarget "CleanBasketDeliverTests" */;
			buildPhases = (
				147BCA231B1D7574008A3404 /* Sources */,
				147BCA241B1D7574008A3404 /* Frameworks */,
				147BCA251B1D7574008A3404 /* Resources */,
			);
			buildRules = (
			);
			dependencies = (
				147BCA291B1D7574008A3404 /* PBXTargetDependency */,
			);
			name = CleanBasketDeliverTests;
			productName = CleanBasketDeliverTests;
			productReference = 147BCA271B1D7574008A3404 /* CleanBasketDeliverTests.xctest */;
			productType = "com.apple.product-type.bundle.unit-test";
		};
/* End PBXNativeTarget section */

/* Begin PBXProject section */
		147BCA031B1D7574008A3404 /* Project object */ = {
			isa = PBXProject;
			attributes = {
				LastUpgradeCheck = 0640;
				ORGANIZATIONNAME = "차용빈";
				TargetAttributes = {
					147BCA0A1B1D7574008A3404 = {
						CreatedOnToolsVersion = 6.1.1;
						DevelopmentTeam = B9UX9X862M;
					};
					147BCA261B1D7574008A3404 = {
						CreatedOnToolsVersion = 6.1.1;
						TestTargetID = 147BCA0A1B1D7574008A3404;
					};
				};
			};
			buildConfigurationList = 147BCA061B1D7574008A3404 /* Build configuration list for PBXProject "CleanBasketDeliver" */;
			compatibilityVersion = "Xcode 6.3";
			developmentRegion = English;
			hasScannedForEncodings = 0;
			knownRegions = (
				en,
				Base,
			);
			mainGroup = 147BCA021B1D7574008A3404;
			productRefGroup = 147BCA0C1B1D7574008A3404 /* Products */;
			projectDirPath = "";
			projectRoot = "";
			targets = (
				147BCA0A1B1D7574008A3404 /* CleanBasketDeliver */,
				147BCA261B1D7574008A3404 /* CleanBasketDeliverTests */,
			);
		};
/* End PBXProject section */

/* Begin PBXResourcesBuildPhase section */
		147BCA091B1D7574008A3404 /* Resources */ = {
			isa = PBXResourcesBuildPhase;
			buildActionMask = 2147483647;
			files = (
				147BCA461B1D7906008A3404 /* Icon-Small-20.png in Resources */,
				147BCA1D1B1D7574008A3404 /* Main.storyboard in Resources */,
				147BCA441B1D7906008A3404 /* Icon-72.png in Resources */,
				147BCAEA1B1DE519008A3404 /* Address.plist in Resources */,
				147BCAF21B2092AA008A3404 /* ExpandingCell.xib in Resources */,
				147BCA481B1D7907008A3404 /* Icon-Small-30.png in Resources */,
				147BCA4F1B1D7907008A3404 /* Icon@2x.png in Resources */,
				147BCA451B1D7906008A3404 /* Icon-72@2x.png in Resources */,
				147BCA4D1B1D7907008A3404 /* Icon-Small@2x.png in Resources */,
				147BCA221B1D7574008A3404 /* LaunchScreen.xib in Resources */,
				14EB9BB61B5909B700E5B9C2 /* OrderCell.xib in Resources */,
				147BCA471B1D7907008A3404 /* Icon-Small-20@2x.png in Resources */,
				147BCA4A1B1D7907008A3404 /* Icon-Small-50.png in Resources */,
				147BCA4C1B1D7907008A3404 /* Icon-Small.png in Resources */,
				144657CF1B492DF80056FCBA /* Localizable.strings in Resources */,
				143980061B67EB6900076AF8 /* AssignCell.xib in Resources */,
				147BCA1F1B1D7574008A3404 /* Images.xcassets in Resources */,
				147BCA491B1D7907008A3404 /* Icon-Small-30@2x.png in Resources */,
				147BCA4E1B1D7907008A3404 /* Icon.png in Resources */,
				147BCA4B1B1D7907008A3404 /* Icon-Small-50@2x.png in Resources */,
			);
			runOnlyForDeploymentPostprocessing = 0;
		};
		147BCA251B1D7574008A3404 /* Resources */ = {
			isa = PBXResourcesBuildPhase;
			buildActionMask = 2147483647;
			files = (
			);
			runOnlyForDeploymentPostprocessing = 0;
		};
/* End PBXResourcesBuildPhase section */

/* Begin PBXShellScriptBuildPhase section */
		11212550CC259B998820DE3B /* [CP] Copy Pods Resources */ = {
			isa = PBXShellScriptBuildPhase;
			buildActionMask = 2147483647;
			files = (
			);
			inputPaths = (
			);
			name = "[CP] Copy Pods Resources";
			outputPaths = (
			);
			runOnlyForDeploymentPostprocessing = 0;
			shellPath = /bin/sh;
			shellScript = "\"${SRCROOT}/Pods/Target Support Files/Pods-CleanBasketDeliver/Pods-CleanBasketDeliver-resources.sh\"\n";
			showEnvVarsInLog = 0;
		};
		559E2CC7CF490208744DE841 /* [CP] Embed Pods Frameworks */ = {
			isa = PBXShellScriptBuildPhase;
			buildActionMask = 2147483647;
			files = (
			);
			inputPaths = (
			);
			name = "[CP] Embed Pods Frameworks";
			outputPaths = (
			);
			runOnlyForDeploymentPostprocessing = 0;
			shellPath = /bin/sh;
			shellScript = "\"${SRCROOT}/Pods/Target Support Files/Pods-CleanBasketDeliver/Pods-CleanBasketDeliver-frameworks.sh\"\n";
			showEnvVarsInLog = 0;
		};
		E4503993D697D6679535145B /* [CP] Check Pods Manifest.lock */ = {
			isa = PBXShellScriptBuildPhase;
			buildActionMask = 2147483647;
			files = (
			);
			inputPaths = (
			);
			name = "[CP] Check Pods Manifest.lock";
			outputPaths = (
			);
			runOnlyForDeploymentPostprocessing = 0;
			shellPath = /bin/sh;
			shellScript = "diff \"${PODS_ROOT}/../Podfile.lock\" \"${PODS_ROOT}/Manifest.lock\" > /dev/null\nif [[ $? != 0 ]] ; then\n    cat << EOM\nerror: The sandbox is not in sync with the Podfile.lock. Run 'pod install' or update your CocoaPods installation.\nEOM\n    exit 1\nfi\n";
			showEnvVarsInLog = 0;
		};
/* End PBXShellScriptBuildPhase section */

/* Begin PBXSourcesBuildPhase section */
		147BCA071B1D7574008A3404 /* Sources */ = {
			isa = PBXSourcesBuildPhase;
			buildActionMask = 2147483647;
			files = (
				143980051B67EB6900076AF8 /* AssignCell.m in Sources */,
				141CC95A1B63C01700B9AC4C /* ItemTableViewController.m in Sources */,
				14772BBA1B3E8F7F009B1D3A /* Item.m in Sources */,
				141647BC1B53D4D000874FA5 /* ThirdViewController.m in Sources */,
				14362AC61B67800C00D00AF5 /* ItemCell.m in Sources */,
				147BCAF81B209481008A3404 /* ExpandingCell.m in Sources */,
				14F78D391B5D1CB8004E6330 /* ModifyDateTimeViewController.m in Sources */,
				14772BC31B3E906C009B1D3A /* PickupInfo.m in Sources */,
				14772BC01B3E9034009B1D3A /* Coupon.m in Sources */,
				147BCA1A1B1D7574008A3404 /* SecondViewController.m in Sources */,
				14772BBD1B3E8FE4009B1D3A /* Order.m in Sources */,
				14362AC21B675D7A00D00AF5 /* ItemDataContoller.m in Sources */,
				14EB9BBC1B594CD500E5B9C2 /* DropoffInfo.m in Sources */,
				147BCA141B1D7574008A3404 /* AppDelegate.m in Sources */,
				147BCA171B1D7574008A3404 /* FirstViewController.m in Sources */,
				14EB9BB51B5909B700E5B9C2 /* OrderCell.m in Sources */,
				147BCA111B1D7574008A3404 /* main.m in Sources */,
				14EB9BB91B592B8C00E5B9C2 /* OrderViewController.m in Sources */,
				14F6A8011B4FF44100380D8A /* Keychain.m in Sources */,
				14EEA9191B56657400EA0A9C /* RegisterViewController.m in Sources */,
				14772CF41B3E9367009B1D3A /* CBConstants.m in Sources */,
				147BCADB1B1D9ABA008A3404 /* LoginViewController.m in Sources */,
			);
			runOnlyForDeploymentPostprocessing = 0;
		};
		147BCA231B1D7574008A3404 /* Sources */ = {
			isa = PBXSourcesBuildPhase;
			buildActionMask = 2147483647;
			files = (
				147BCA2E1B1D7574008A3404 /* CleanBasketDeliverTests.m in Sources */,
			);
			runOnlyForDeploymentPostprocessing = 0;
		};
/* End PBXSourcesBuildPhase section */

/* Begin PBXTargetDependency section */
		147BCA291B1D7574008A3404 /* PBXTargetDependency */ = {
			isa = PBXTargetDependency;
			target = 147BCA0A1B1D7574008A3404 /* CleanBasketDeliver */;
			targetProxy = 147BCA281B1D7574008A3404 /* PBXContainerItemProxy */;
		};
/* End PBXTargetDependency section */

/* Begin PBXVariantGroup section */
		147BCA1B1B1D7574008A3404 /* Main.storyboard */ = {
			isa = PBXVariantGroup;
			children = (
				147BCA1C1B1D7574008A3404 /* Base */,
			);
			name = Main.storyboard;
			sourceTree = "<group>";
		};
		147BCA201B1D7574008A3404 /* LaunchScreen.xib */ = {
			isa = PBXVariantGroup;
			children = (
				147BCA211B1D7574008A3404 /* Base */,
			);
			name = LaunchScreen.xib;
			sourceTree = "<group>";
		};
/* End PBXVariantGroup section */

/* Begin XCBuildConfiguration section */
		147BCA2F1B1D7574008A3404 /* Debug */ = {
			isa = XCBuildConfiguration;
			buildSettings = {
				ALWAYS_SEARCH_USER_PATHS = NO;
				CLANG_CXX_LANGUAGE_STANDARD = "gnu++0x";
				CLANG_CXX_LIBRARY = "libc++";
				CLANG_ENABLE_MODULES = YES;
				CLANG_ENABLE_OBJC_ARC = YES;
				CLANG_WARN_BOOL_CONVERSION = YES;
				CLANG_WARN_CONSTANT_CONVERSION = YES;
				CLANG_WARN_DIRECT_OBJC_ISA_USAGE = YES_ERROR;
				CLANG_WARN_EMPTY_BODY = YES;
				CLANG_WARN_ENUM_CONVERSION = YES;
				CLANG_WARN_INT_CONVERSION = YES;
				CLANG_WARN_OBJC_ROOT_CLASS = YES_ERROR;
				CLANG_WARN_UNREACHABLE_CODE = YES;
				CLANG_WARN__DUPLICATE_METHOD_MATCH = YES;
				"CODE_SIGN_IDENTITY[sdk=iphoneos*]" = "iPhone Developer";
				COPY_PHASE_STRIP = NO;
				ENABLE_STRICT_OBJC_MSGSEND = YES;
				GCC_C_LANGUAGE_STANDARD = gnu99;
				GCC_DYNAMIC_NO_PIC = NO;
				GCC_OPTIMIZATION_LEVEL = 0;
				GCC_PREPROCESSOR_DEFINITIONS = (
					"DEBUG=1",
					"$(inherited)",
				);
				GCC_SYMBOLS_PRIVATE_EXTERN = NO;
				GCC_WARN_64_TO_32_BIT_CONVERSION = YES;
				GCC_WARN_ABOUT_RETURN_TYPE = YES_ERROR;
				GCC_WARN_UNDECLARED_SELECTOR = YES;
				GCC_WARN_UNINITIALIZED_AUTOS = YES_AGGRESSIVE;
				GCC_WARN_UNUSED_FUNCTION = YES;
				GCC_WARN_UNUSED_VARIABLE = YES;
				IPHONEOS_DEPLOYMENT_TARGET = 8.1;
				MTL_ENABLE_DEBUG_INFO = YES;
				ONLY_ACTIVE_ARCH = YES;
				SDKROOT = iphoneos;
			};
			name = Debug;
		};
		147BCA301B1D7574008A3404 /* Release */ = {
			isa = XCBuildConfiguration;
			buildSettings = {
				ALWAYS_SEARCH_USER_PATHS = NO;
				CLANG_CXX_LANGUAGE_STANDARD = "gnu++0x";
				CLANG_CXX_LIBRARY = "libc++";
				CLANG_ENABLE_MODULES = YES;
				CLANG_ENABLE_OBJC_ARC = YES;
				CLANG_WARN_BOOL_CONVERSION = YES;
				CLANG_WARN_CONSTANT_CONVERSION = YES;
				CLANG_WARN_DIRECT_OBJC_ISA_USAGE = YES_ERROR;
				CLANG_WARN_EMPTY_BODY = YES;
				CLANG_WARN_ENUM_CONVERSION = YES;
				CLANG_WARN_INT_CONVERSION = YES;
				CLANG_WARN_OBJC_ROOT_CLASS = YES_ERROR;
				CLANG_WARN_UNREACHABLE_CODE = YES;
				CLANG_WARN__DUPLICATE_METHOD_MATCH = YES;
				"CODE_SIGN_IDENTITY[sdk=iphoneos*]" = "iPhone Developer";
				COPY_PHASE_STRIP = YES;
				ENABLE_NS_ASSERTIONS = NO;
				ENABLE_STRICT_OBJC_MSGSEND = YES;
				GCC_C_LANGUAGE_STANDARD = gnu99;
				GCC_WARN_64_TO_32_BIT_CONVERSION = YES;
				GCC_WARN_ABOUT_RETURN_TYPE = YES_ERROR;
				GCC_WARN_UNDECLARED_SELECTOR = YES;
				GCC_WARN_UNINITIALIZED_AUTOS = YES_AGGRESSIVE;
				GCC_WARN_UNUSED_FUNCTION = YES;
				GCC_WARN_UNUSED_VARIABLE = YES;
				IPHONEOS_DEPLOYMENT_TARGET = 8.1;
				MTL_ENABLE_DEBUG_INFO = NO;
				SDKROOT = iphoneos;
				VALIDATE_PRODUCT = YES;
			};
			name = Release;
		};
		147BCA321B1D7574008A3404 /* Debug */ = {
			isa = XCBuildConfiguration;
			baseConfigurationReference = AA0F058DB294EF5F39870B33 /* Pods-CleanBasketDeliver.debug.xcconfig */;
			buildSettings = {
				ASSETCATALOG_COMPILER_APPICON_NAME = AppIcon;
				CODE_SIGN_IDENTITY = "iPhone Developer";
				"CODE_SIGN_IDENTITY[sdk=iphoneos*]" = "iPhone Developer";
				INFOPLIST_FILE = CleanBasketDeliver/Info.plist;
				IPHONEOS_DEPLOYMENT_TARGET = 9.3;
				LD_RUNPATH_SEARCH_PATHS = "$(inherited) @executable_path/Frameworks";
				OTHER_LDFLAGS = (
					"-all_load",
					"$(inherited)",
				);
				PRODUCT_BUNDLE_IDENTIFIER = kr.co.washAppKorea.manager;
				PRODUCT_NAME = "$(TARGET_NAME)";
				PROVISIONING_PROFILE = "";
				SDKROOT = iphoneos;
			};
			name = Debug;
		};
		147BCA331B1D7574008A3404 /* Release */ = {
			isa = XCBuildConfiguration;
			baseConfigurationReference = 04C2F360EADCA9EF3422FDB2 /* Pods-CleanBasketDeliver.release.xcconfig */;
			buildSettings = {
				ASSETCATALOG_COMPILER_APPICON_NAME = AppIcon;
				CODE_SIGN_IDENTITY = "iPhone Developer";
				"CODE_SIGN_IDENTITY[sdk=iphoneos*]" = "iPhone Developer";
				INFOPLIST_FILE = CleanBasketDeliver/Info.plist;
				IPHONEOS_DEPLOYMENT_TARGET = 9.3;
				LD_RUNPATH_SEARCH_PATHS = "$(inherited) @executable_path/Frameworks";
				OTHER_LDFLAGS = (
					"-all_load",
					"$(inherited)",
				);
				PRODUCT_BUNDLE_IDENTIFIER = kr.co.washAppKorea.manager;
				PRODUCT_NAME = "$(TARGET_NAME)";
				PROVISIONING_PROFILE = "";
				SDKROOT = iphoneos;
			};
			name = Release;
		};
		147BCA351B1D7574008A3404 /* Debug */ = {
			isa = XCBuildConfiguration;
			buildSettings = {
				BUNDLE_LOADER = "$(TEST_HOST)";
				FRAMEWORK_SEARCH_PATHS = (
					"$(SDKROOT)/Developer/Library/Frameworks",
					"$(inherited)",
				);
				GCC_PREPROCESSOR_DEFINITIONS = (
					"DEBUG=1",
					"$(inherited)",
				);
				INFOPLIST_FILE = CleanBasketDeliverTests/Info.plist;
				LD_RUNPATH_SEARCH_PATHS = "$(inherited) @executable_path/Frameworks @loader_path/Frameworks";
				PRODUCT_NAME = "$(TARGET_NAME)";
				TEST_HOST = "$(BUILT_PRODUCTS_DIR)/CleanBasketDeliver.app/CleanBasketDeliver";
			};
			name = Debug;
		};
		147BCA361B1D7574008A3404 /* Release */ = {
			isa = XCBuildConfiguration;
			buildSettings = {
				BUNDLE_LOADER = "$(TEST_HOST)";
				FRAMEWORK_SEARCH_PATHS = (
					"$(SDKROOT)/Developer/Library/Frameworks",
					"$(inherited)",
				);
				INFOPLIST_FILE = CleanBasketDeliverTests/Info.plist;
				LD_RUNPATH_SEARCH_PATHS = "$(inherited) @executable_path/Frameworks @loader_path/Frameworks";
				PRODUCT_NAME = "$(TARGET_NAME)";
				TEST_HOST = "$(BUILT_PRODUCTS_DIR)/CleanBasketDeliver.app/CleanBasketDeliver";
			};
			name = Release;
		};
/* End XCBuildConfiguration section */

/* Begin XCConfigurationList section */
		147BCA061B1D7574008A3404 /* Build configuration list for PBXProject "CleanBasketDeliver" */ = {
			isa = XCConfigurationList;
			buildConfigurations = (
				147BCA2F1B1D7574008A3404 /* Debug */,
				147BCA301B1D7574008A3404 /* Release */,
			);
			defaultConfigurationIsVisible = 0;
			defaultConfigurationName = Release;
		};
		147BCA311B1D7574008A3404 /* Build configuration list for PBXNativeTarget "CleanBasketDeliver" */ = {
			isa = XCConfigurationList;
			buildConfigurations = (
				147BCA321B1D7574008A3404 /* Debug */,
				147BCA331B1D7574008A3404 /* Release */,
			);
			defaultConfigurationIsVisible = 0;
			defaultConfigurationName = Release;
		};
		147BCA341B1D7574008A3404 /* Build configuration list for PBXNativeTarget "CleanBasketDeliverTests" */ = {
			isa = XCConfigurationList;
			buildConfigurations = (
				147BCA351B1D7574008A3404 /* Debug */,
				147BCA361B1D7574008A3404 /* Release */,
			);
			defaultConfigurationIsVisible = 0;
			defaultConfigurationName = Release;
		};
/* End XCConfigurationList section */
	};
	rootObject = 147BCA031B1D7574008A3404 /* Project object */;
}
